
Microsoft Visual Studio Solution File, Format Version 12.00
# Visual Studio 15
VisualStudioVersion = 15.0.28010.2046
MinimumVisualStudioVersion = 10.0.40219.1
Project("{FAE04EC0-301F-11D3-BF4B-00C04F79EFBC}") = "Shop", "Shop\Shop.csproj", "{B538133C-06FF-467B-8696-3EF49F9D9C3C}"
EndProject
Global
	GlobalSection(SolutionConfigurationPlatforms) = preSolution
		Debug|Any CPU = Debug|Any CPU
		Release|Any CPU = Release|Any CPU
	EndGlobalSection
	GlobalSection(ProjectConfigurationPlatforms) = postSolution
		{B538133C-06FF-467B-8696-3EF49F9D9C3C}.Debug|Any CPU.ActiveCfg = Debug|Any CPU
		{B538133C-06FF-467B-8696-3EF49F9D9C3C}.Debug|Any CPU.Build.0 = Debug|Any CPU
		{B538133C-06FF-467B-8696-3EF49F9D9C3C}.Release|Any CPU.ActiveCfg = Release|Any CPU
		{B538133C-06FF-467B-8696-3EF49F9D9C3C}.Release|Any CPU.Build.0 = Release|Any CPU
	EndGlobalSection
	GlobalSection(SolutionProperties) = preSolution
		HideSolutionNode = FALSE
	EndGlobalSection
	GlobalSection(ExtensibilityGlobals) = postSolution
		SolutionGuid = {CD23F04E-4B1E-4259-B979-22E0CFD0BE4B}
	EndGlobalSection
EndGlobal
