
Microsoft Visual Studio Solution File, Format Version 12.00
# Visual Studio 15
VisualStudioVersion = 15.0.28010.2046
MinimumVisualStudioVersion = 10.0.40219.1
Project("{FAE04EC0-301F-11D3-BF4B-00C04F79EFBC}") = "ModelFirstTest", "ModelFirstTest\ModelFirstTest.csproj", "{79A61796-A4F9-4D0A-992B-19E003F7B8DB}"
EndProject
Global
	GlobalSection(SolutionConfigurationPlatforms) = preSolution
		Debug|Any CPU = Debug|Any CPU
		Release|Any CPU = Release|Any CPU
	EndGlobalSection
	GlobalSection(ProjectConfigurationPlatforms) = postSolution
		{79A61796-A4F9-4D0A-992B-19E003F7B8DB}.Debug|Any CPU.ActiveCfg = Debug|Any CPU
		{79A61796-A4F9-4D0A-992B-19E003F7B8DB}.Debug|Any CPU.Build.0 = Debug|Any CPU
		{79A61796-A4F9-4D0A-992B-19E003F7B8DB}.Release|Any CPU.ActiveCfg = Release|Any CPU
		{79A61796-A4F9-4D0A-992B-19E003F7B8DB}.Release|Any CPU.Build.0 = Release|Any CPU
	EndGlobalSection
	GlobalSection(SolutionProperties) = preSolution
		HideSolutionNode = FALSE
	EndGlobalSection
	GlobalSection(ExtensibilityGlobals) = postSolution
		SolutionGuid = {D538CFDA-D09E-483D-BC19-C4FA43224712}
	EndGlobalSection
EndGlobal
