
Microsoft Visual Studio Solution File, Format Version 12.00
# Visual Studio 15
VisualStudioVersion = 15.0.28010.2046
MinimumVisualStudioVersion = 10.0.40219.1
Project("{FAE04EC0-301F-11D3-BF4B-00C04F79EFBC}") = "Lab17", "Lab17\Lab17.csproj", "{1AEC0DA0-AE50-4C34-AFE6-2CBDE4353809}"
EndProject
Project("{FAE04EC0-301F-11D3-BF4B-00C04F79EFBC}") = "Lab17Tests", "Lab17Tests\Lab17Tests.csproj", "{07BFC44A-852F-40AB-89FA-51995CED8D60}"
EndProject
Global
	GlobalSection(SolutionConfigurationPlatforms) = preSolution
		Debug|Any CPU = Debug|Any CPU
		Release|Any CPU = Release|Any CPU
	EndGlobalSection
	GlobalSection(ProjectConfigurationPlatforms) = postSolution
		{1AEC0DA0-AE50-4C34-AFE6-2CBDE4353809}.Debug|Any CPU.ActiveCfg = Debug|Any CPU
		{1AEC0DA0-AE50-4C34-AFE6-2CBDE4353809}.Debug|Any CPU.Build.0 = Debug|Any CPU
		{1AEC0DA0-AE50-4C34-AFE6-2CBDE4353809}.Release|Any CPU.ActiveCfg = Release|Any CPU
		{1AEC0DA0-AE50-4C34-AFE6-2CBDE4353809}.Release|Any CPU.Build.0 = Release|Any CPU
		{07BFC44A-852F-40AB-89FA-51995CED8D60}.Debug|Any CPU.ActiveCfg = Debug|Any CPU
		{07BFC44A-852F-40AB-89FA-51995CED8D60}.Debug|Any CPU.Build.0 = Debug|Any CPU
		{07BFC44A-852F-40AB-89FA-51995CED8D60}.Release|Any CPU.ActiveCfg = Release|Any CPU
		{07BFC44A-852F-40AB-89FA-51995CED8D60}.Release|Any CPU.Build.0 = Release|Any CPU
	EndGlobalSection
	GlobalSection(SolutionProperties) = preSolution
		HideSolutionNode = FALSE
	EndGlobalSection
	GlobalSection(ExtensibilityGlobals) = postSolution
		SolutionGuid = {22411C2A-F569-414A-9F54-AE33EB0C60E9}
	EndGlobalSection
EndGlobal
