
Microsoft Visual Studio Solution File, Format Version 12.00
# Visual Studio 15
VisualStudioVersion = 15.0.28010.2046
MinimumVisualStudioVersion = 10.0.40219.1
Project("{FAE04EC0-301F-11D3-BF4B-00C04F79EFBC}") = "Bonus13", "Bonus13\Bonus13.csproj", "{06B012FB-CB01-414B-BA83-A0CD021717AB}"
EndProject
Global
	GlobalSection(SolutionConfigurationPlatforms) = preSolution
		Debug|Any CPU = Debug|Any CPU
		Release|Any CPU = Release|Any CPU
	EndGlobalSection
	GlobalSection(ProjectConfigurationPlatforms) = postSolution
		{06B012FB-CB01-414B-BA83-A0CD021717AB}.Debug|Any CPU.ActiveCfg = Debug|Any CPU
		{06B012FB-CB01-414B-BA83-A0CD021717AB}.Debug|Any CPU.Build.0 = Debug|Any CPU
		{06B012FB-CB01-414B-BA83-A0CD021717AB}.Release|Any CPU.ActiveCfg = Release|Any CPU
		{06B012FB-CB01-414B-BA83-A0CD021717AB}.Release|Any CPU.Build.0 = Release|Any CPU
	EndGlobalSection
	GlobalSection(SolutionProperties) = preSolution
		HideSolutionNode = FALSE
	EndGlobalSection
	GlobalSection(ExtensibilityGlobals) = postSolution
		SolutionGuid = {8A8978E3-3DFF-45F2-8266-F61EDF003834}
	EndGlobalSection
EndGlobal
